
Microsoft Visual Studio Solution File, Format Version 12.00
Project("{FAE04EC0-301F-11D3-BF4B-00C04F79EFBC}") = "Match3Easter", "Match3Easter\Match3Easter.csproj", "{5802643C-2E6C-4652-9426-A787D33A5845}"
EndProject
Global
	GlobalSection(SolutionConfigurationPlatforms) = preSolution
		Debug|Any CPU = Debug|Any CPU
		Release|Any CPU = Release|Any CPU
	EndGlobalSection
	GlobalSection(ProjectConfigurationPlatforms) = postSolution
		{5802643C-2E6C-4652-9426-A787D33A5845}.Debug|Any CPU.ActiveCfg = Debug|Any CPU
		{5802643C-2E6C-4652-9426-A787D33A5845}.Debug|Any CPU.Build.0 = Debug|Any CPU
		{5802643C-2E6C-4652-9426-A787D33A5845}.Release|Any CPU.ActiveCfg = Release|Any CPU
		{5802643C-2E6C-4652-9426-A787D33A5845}.Release|Any CPU.Build.0 = Release|Any CPU
	EndGlobalSection
EndGlobal
